
Microsoft Visual Studio Solution File, Format Version 12.00
# Visual Studio Version 16
VisualStudioVersion = 16.0.31702.278
MinimumVisualStudioVersion = 10.0.40219.1
Project("{FAE04EC0-301F-11D3-BF4B-00C04F79EFBC}") = "FluentValidationDemo", "FluentValidationDemo.csproj", "{67D45304-D7E2-42B5-B6CF-E89531643F01}"
EndProject
Global
	GlobalSection(SolutionConfigurationPlatforms) = preSolution
		Debug|Any CPU = Debug|Any CPU
		Release|Any CPU = Release|Any CPU
	EndGlobalSection
	GlobalSection(ProjectConfigurationPlatforms) = postSolution
		{67D45304-D7E2-42B5-B6CF-E89531643F01}.Debug|Any CPU.ActiveCfg = Debug|Any CPU
		{67D45304-D7E2-42B5-B6CF-E89531643F01}.Debug|Any CPU.Build.0 = Debug|Any CPU
		{67D45304-D7E2-42B5-B6CF-E89531643F01}.Release|Any CPU.ActiveCfg = Release|Any CPU
		{67D45304-D7E2-42B5-B6CF-E89531643F01}.Release|Any CPU.Build.0 = Release|Any CPU
	EndGlobalSection
	GlobalSection(SolutionProperties) = preSolution
		HideSolutionNode = FALSE
	EndGlobalSection
	GlobalSection(ExtensibilityGlobals) = postSolution
		SolutionGuid = {75940844-0C77-41CD-BF18-995ABCFAECF8}
	EndGlobalSection
EndGlobal
